// !$*UTF8*$!
{
	archiveVersion = 1;
	classes = {
	};
	objectVersion = 46;
	objects = {

/* Begin PBXBuildFile section */
		0036E74419783FAA00A84E82 /* Untitled-1.png in Resources */ = {isa = PBXBuildFile; fileRef = 0036E74319783FAA00A84E82 /* Untitled-1.png */; };
		0036E7471978499200A84E82 /* DLUserContainer.m in Sources */ = {isa = PBXBuildFile; fileRef = 0036E7461978499200A84E82 /* DLUserContainer.m */; };
		D9352032197335480031C8BE /* DLSearchViewController.m in Sources */ = {isa = PBXBuildFile; fileRef = D9352031197335480031C8BE /* DLSearchViewController.m */; };
		D93577EB1972F48E001CB66E /* DLSubredditContainer.m in Sources */ = {isa = PBXBuildFile; fileRef = D93577EA1972F48E001CB66E /* DLSubredditContainer.m */; };
		D9D8C42219721BA9001B52F9 /* Foundation.framework in Frameworks */ = {isa = PBXBuildFile; fileRef = D9D8C42119721BA9001B52F9 /* Foundation.framework */; };
		D9D8C42419721BA9001B52F9 /* CoreGraphics.framework in Frameworks */ = {isa = PBXBuildFile; fileRef = D9D8C42319721BA9001B52F9 /* CoreGraphics.framework */; };
		D9D8C42619721BA9001B52F9 /* UIKit.framework in Frameworks */ = {isa = PBXBuildFile; fileRef = D9D8C42519721BA9001B52F9 /* UIKit.framework */; };
		D9D8C42C19721BA9001B52F9 /* InfoPlist.strings in Resources */ = {isa = PBXBuildFile; fileRef = D9D8C42A19721BA9001B52F9 /* InfoPlist.strings */; };
		D9D8C42E19721BA9001B52F9 /* main.m in Sources */ = {isa = PBXBuildFile; fileRef = D9D8C42D19721BA9001B52F9 /* main.m */; };
		D9D8C43219721BA9001B52F9 /* DLAppDelegate.m in Sources */ = {isa = PBXBuildFile; fileRef = D9D8C43119721BA9001B52F9 /* DLAppDelegate.m */; };
		D9D8C43519721BA9001B52F9 /* Main.storyboard in Resources */ = {isa = PBXBuildFile; fileRef = D9D8C43319721BA9001B52F9 /* Main.storyboard */; };
		D9D8C43819721BA9001B52F9 /* DLMasterViewController.m in Sources */ = {isa = PBXBuildFile; fileRef = D9D8C43719721BA9001B52F9 /* DLMasterViewController.m */; };
		D9D8C43B19721BA9001B52F9 /* DLDetailViewController.m in Sources */ = {isa = PBXBuildFile; fileRef = D9D8C43A19721BA9001B52F9 /* DLDetailViewController.m */; };
		D9D8C43D19721BA9001B52F9 /* Images.xcassets in Resources */ = {isa = PBXBuildFile; fileRef = D9D8C43C19721BA9001B52F9 /* Images.xcassets */; };
		D9D8C44419721BA9001B52F9 /* XCTest.framework in Frameworks */ = {isa = PBXBuildFile; fileRef = D9D8C44319721BA9001B52F9 /* XCTest.framework */; };
		D9D8C44519721BA9001B52F9 /* Foundation.framework in Frameworks */ = {isa = PBXBuildFile; fileRef = D9D8C42119721BA9001B52F9 /* Foundation.framework */; };
		D9D8C44619721BA9001B52F9 /* UIKit.framework in Frameworks */ = {isa = PBXBuildFile; fileRef = D9D8C42519721BA9001B52F9 /* UIKit.framework */; };
		D9D8C44E19721BA9001B52F9 /* InfoPlist.strings in Resources */ = {isa = PBXBuildFile; fileRef = D9D8C44C19721BA9001B52F9 /* InfoPlist.strings */; };
		D9D8C45019721BA9001B52F9 /* reddit_readerTests.m in Sources */ = {isa = PBXBuildFile; fileRef = D9D8C44F19721BA9001B52F9 /* reddit_readerTests.m */; };
/* End PBXBuildFile section */

/* Begin PBXContainerItemProxy section */
		D9D8C44719721BA9001B52F9 /* PBXContainerItemProxy */ = {
			isa = PBXContainerItemProxy;
			containerPortal = D9D8C41619721BA9001B52F9 /* Project object */;
			proxyType = 1;
			remoteGlobalIDString = D9D8C41D19721BA9001B52F9;
			remoteInfo = reddit_reader;
		};
/* End PBXContainerItemProxy section */

/* Begin PBXFileReference section */
		0036E74319783FAA00A84E82 /* Untitled-1.png */ = {isa = PBXFileReference; lastKnownFileType = image.png; path = "Untitled-1.png"; sourceTree = "<group>"; };
		0036E7451978499200A84E82 /* DLUserContainer.h */ = {isa = PBXFileReference; fileEncoding = 4; lastKnownFileType = sourcecode.c.h; path = DLUserContainer.h; sourceTree = "<group>"; };
		0036E7461978499200A84E82 /* DLUserContainer.m */ = {isa = PBXFileReference; fileEncoding = 4; lastKnownFileType = sourcecode.c.objc; path = DLUserContainer.m; sourceTree = "<group>"; };
		D9352030197335480031C8BE /* DLSearchViewController.h */ = {isa = PBXFileReference; fileEncoding = 4; lastKnownFileType = sourcecode.c.h; path = DLSearchViewController.h; sourceTree = "<group>"; };
		D9352031197335480031C8BE /* DLSearchViewController.m */ = {isa = PBXFileReference; fileEncoding = 4; lastKnownFileType = sourcecode.c.objc; path = DLSearchViewController.m; sourceTree = "<group>"; };
		D93577E91972F48E001CB66E /* DLSubredditContainer.h */ = {isa = PBXFileReference; fileEncoding = 4; lastKnownFileType = sourcecode.c.h; path = DLSubredditContainer.h; sourceTree = "<group>"; };
		D93577EA1972F48E001CB66E /* DLSubredditContainer.m */ = {isa = PBXFileReference; fileEncoding = 4; lastKnownFileType = sourcecode.c.objc; path = DLSubredditContainer.m; sourceTree = "<group>"; };
		D9D8C41E19721BA9001B52F9 /* reddit_reader.app */ = {isa = PBXFileReference; explicitFileType = wrapper.application; includeInIndex = 0; path = reddit_reader.app; sourceTree = BUILT_PRODUCTS_DIR; };
		D9D8C42119721BA9001B52F9 /* Foundation.framework */ = {isa = PBXFileReference; lastKnownFileType = wrapper.framework; name = Foundation.framework; path = System/Library/Frameworks/Foundation.framework; sourceTree = SDKROOT; };
		D9D8C42319721BA9001B52F9 /* CoreGraphics.framework */ = {isa = PBXFileReference; lastKnownFileType = wrapper.framework; name = CoreGraphics.framework; path = System/Library/Frameworks/CoreGraphics.framework; sourceTree = SDKROOT; };
		D9D8C42519721BA9001B52F9 /* UIKit.framework */ = {isa = PBXFileReference; lastKnownFileType = wrapper.framework; name = UIKit.framework; path = System/Library/Frameworks/UIKit.framework; sourceTree = SDKROOT; };
		D9D8C42919721BA9001B52F9 /* reddit_reader-Info.plist */ = {isa = PBXFileReference; lastKnownFileType = text.plist.xml; path = "reddit_reader-Info.plist"; sourceTree = "<group>"; };
		D9D8C42B19721BA9001B52F9 /* en */ = {isa = PBXFileReference; lastKnownFileType = text.plist.strings; name = en; path = en.lproj/InfoPlist.strings; sourceTree = "<group>"; };
		D9D8C42D19721BA9001B52F9 /* main.m */ = {isa = PBXFileReference; lastKnownFileType = sourcecode.c.objc; path = main.m; sourceTree = "<group>"; };
		D9D8C42F19721BA9001B52F9 /* reddit_reader-Prefix.pch */ = {isa = PBXFileReference; lastKnownFileType = sourcecode.c.h; path = "reddit_reader-Prefix.pch"; sourceTree = "<group>"; };
		D9D8C43019721BA9001B52F9 /* DLAppDelegate.h */ = {isa = PBXFileReference; lastKnownFileType = sourcecode.c.h; path = DLAppDelegate.h; sourceTree = "<group>"; };
		D9D8C43119721BA9001B52F9 /* DLAppDelegate.m */ = {isa = PBXFileReference; lastKnownFileType = sourcecode.c.objc; path = DLAppDelegate.m; sourceTree = "<group>"; };
		D9D8C43419721BA9001B52F9 /* Base */ = {isa = PBXFileReference; lastKnownFileType = file.storyboard; name = Base; path = Base.lproj/Main.storyboard; sourceTree = "<group>"; };
		D9D8C43619721BA9001B52F9 /* DLMasterViewController.h */ = {isa = PBXFileReference; lastKnownFileType = sourcecode.c.h; path = DLMasterViewController.h; sourceTree = "<group>"; };
		D9D8C43719721BA9001B52F9 /* DLMasterViewController.m */ = {isa = PBXFileReference; lastKnownFileType = sourcecode.c.objc; path = DLMasterViewController.m; sourceTree = "<group>"; };
		D9D8C43919721BA9001B52F9 /* DLDetailViewController.h */ = {isa = PBXFileReference; lastKnownFileType = sourcecode.c.h; path = DLDetailViewController.h; sourceTree = "<group>"; };
		D9D8C43A19721BA9001B52F9 /* DLDetailViewController.m */ = {isa = PBXFileReference; lastKnownFileType = sourcecode.c.objc; path = DLDetailViewController.m; sourceTree = "<group>"; };
		D9D8C43C19721BA9001B52F9 /* Images.xcassets */ = {isa = PBXFileReference; lastKnownFileType = folder.assetcatalog; path = Images.xcassets; sourceTree = "<group>"; };
		D9D8C44219721BA9001B52F9 /* reddit_readerTests.xctest */ = {isa = PBXFileReference; explicitFileType = wrapper.cfbundle; includeInIndex = 0; path = reddit_readerTests.xctest; sourceTree = BUILT_PRODUCTS_DIR; };
		D9D8C44319721BA9001B52F9 /* XCTest.framework */ = {isa = PBXFileReference; lastKnownFileType = wrapper.framework; name = XCTest.framework; path = Library/Frameworks/XCTest.framework; sourceTree = DEVELOPER_DIR; };
		D9D8C44B19721BA9001B52F9 /* reddit_readerTests-Info.plist */ = {isa = PBXFileReference; lastKnownFileType = text.plist.xml; path = "reddit_readerTests-Info.plist"; sourceTree = "<group>"; };
		D9D8C44D19721BA9001B52F9 /* en */ = {isa = PBXFileReference; lastKnownFileType = text.plist.strings; name = en; path = en.lproj/InfoPlist.strings; sourceTree = "<group>"; };
		D9D8C44F19721BA9001B52F9 /* reddit_readerTests.m */ = {isa = PBXFileReference; lastKnownFileType = sourcecode.c.objc; path = reddit_readerTests.m; sourceTree = "<group>"; };
/* End PBXFileReference section */

/* Begin PBXFrameworksBuildPhase section */
		D9D8C41B19721BA9001B52F9 /* Frameworks */ = {
			isa = PBXFrameworksBuildPhase;
			buildActionMask = 2147483647;
			files = (
				D9D8C42419721BA9001B52F9 /* CoreGraphics.framework in Frameworks */,
				D9D8C42619721BA9001B52F9 /* UIKit.framework in Frameworks */,
				D9D8C42219721BA9001B52F9 /* Foundation.framework in Frameworks */,
			);
			runOnlyForDeploymentPostprocessing = 0;
		};
		D9D8C43F19721BA9001B52F9 /* Frameworks */ = {
			isa = PBXFrameworksBuildPhase;
			buildActionMask = 2147483647;
			files = (
				D9D8C44419721BA9001B52F9 /* XCTest.framework in Frameworks */,
				D9D8C44619721BA9001B52F9 /* UIKit.framework in Frameworks */,
				D9D8C44519721BA9001B52F9 /* Foundation.framework in Frameworks */,
			);
			runOnlyForDeploymentPostprocessing = 0;
		};
/* End PBXFrameworksBuildPhase section */

/* Begin PBXGroup section */
		D9D8C41519721BA9001B52F9 = {
			isa = PBXGroup;
			children = (
				D9D8C42719721BA9001B52F9 /* reddit_reader */,
				D9D8C44919721BA9001B52F9 /* reddit_readerTests */,
				D9D8C42019721BA9001B52F9 /* Frameworks */,
				D9D8C41F19721BA9001B52F9 /* Products */,
			);
			sourceTree = "<group>";
		};
		D9D8C41F19721BA9001B52F9 /* Products */ = {
			isa = PBXGroup;
			children = (
				D9D8C41E19721BA9001B52F9 /* reddit_reader.app */,
				D9D8C44219721BA9001B52F9 /* reddit_readerTests.xctest */,
			);
			name = Products;
			sourceTree = "<group>";
		};
		D9D8C42019721BA9001B52F9 /* Frameworks */ = {
			isa = PBXGroup;
			children = (
				D9D8C42119721BA9001B52F9 /* Foundation.framework */,
				D9D8C42319721BA9001B52F9 /* CoreGraphics.framework */,
				D9D8C42519721BA9001B52F9 /* UIKit.framework */,
				D9D8C44319721BA9001B52F9 /* XCTest.framework */,
			);
			name = Frameworks;
			sourceTree = "<group>";
		};
		D9D8C42719721BA9001B52F9 /* reddit_reader */ = {
			isa = PBXGroup;
			children = (
				D9D8C43019721BA9001B52F9 /* DLAppDelegate.h */,
				D9D8C43119721BA9001B52F9 /* DLAppDelegate.m */,
				D9D8C43319721BA9001B52F9 /* Main.storyboard */,
				D9352030197335480031C8BE /* DLSearchViewController.h */,
				D9D8C43619721BA9001B52F9 /* DLMasterViewController.h */,
				D9352031197335480031C8BE /* DLSearchViewController.m */,
				D9D8C43719721BA9001B52F9 /* DLMasterViewController.m */,
				D93577E91972F48E001CB66E /* DLSubredditContainer.h */,
				D93577EA1972F48E001CB66E /* DLSubredditContainer.m */,
				D9D8C43919721BA9001B52F9 /* DLDetailViewController.h */,
				D9D8C43A19721BA9001B52F9 /* DLDetailViewController.m */,
				D9D8C43C19721BA9001B52F9 /* Images.xcassets */,
				D9D8C42819721BA9001B52F9 /* Supporting Files */,
				0036E7451978499200A84E82 /* DLUserContainer.h */,
				0036E7461978499200A84E82 /* DLUserContainer.m */,
			);
			path = reddit_reader;
			sourceTree = "<group>";
		};
		D9D8C42819721BA9001B52F9 /* Supporting Files */ = {
			isa = PBXGroup;
			children = (
				0036E74319783FAA00A84E82 /* Untitled-1.png */,
				D9D8C42919721BA9001B52F9 /* reddit_reader-Info.plist */,
				D9D8C42A19721BA9001B52F9 /* InfoPlist.strings */,
				D9D8C42D19721BA9001B52F9 /* main.m */,
				D9D8C42F19721BA9001B52F9 /* reddit_reader-Prefix.pch */,
			);
			name = "Supporting Files";
			sourceTree = "<group>";
		};
		D9D8C44919721BA9001B52F9 /* reddit_readerTests */ = {
			isa = PBXGroup;
			children = (
				D9D8C44F19721BA9001B52F9 /* reddit_readerTests.m */,
				D9D8C44A19721BA9001B52F9 /* Supporting Files */,
			);
			path = reddit_readerTests;
			sourceTree = "<group>";
		};
		D9D8C44A19721BA9001B52F9 /* Supporting Files */ = {
			isa = PBXGroup;
			children = (
				D9D8C44B19721BA9001B52F9 /* reddit_readerTests-Info.plist */,
				D9D8C44C19721BA9001B52F9 /* InfoPlist.strings */,
			);
			name = "Supporting Files";
			sourceTree = "<group>";
		};
/* End PBXGroup section */

/* Begin PBXNativeTarget section */
		D9D8C41D19721BA9001B52F9 /* reddit_reader */ = {
			isa = PBXNativeTarget;
			buildConfigurationList = D9D8C45319721BA9001B52F9 /* Build configuration list for PBXNativeTarget "reddit_reader" */;
			buildPhases = (
				D9D8C41A19721BA9001B52F9 /* Sources */,
				D9D8C41B19721BA9001B52F9 /* Frameworks */,
				D9D8C41C19721BA9001B52F9 /* Resources */,
			);
			buildRules = (
			);
			dependencies = (
			);
			name = reddit_reader;
			productName = reddit_reader;
			productReference = D9D8C41E19721BA9001B52F9 /* reddit_reader.app */;
			productType = "com.apple.product-type.application";
		};
		D9D8C44119721BA9001B52F9 /* reddit_readerTests */ = {
			isa = PBXNativeTarget;
			buildConfigurationList = D9D8C45619721BA9001B52F9 /* Build configuration list for PBXNativeTarget "reddit_readerTests" */;
			buildPhases = (
				D9D8C43E19721BA9001B52F9 /* Sources */,
				D9D8C43F19721BA9001B52F9 /* Frameworks */,
				D9D8C44019721BA9001B52F9 /* Resources */,
			);
			buildRules = (
			);
			dependencies = (
				D9D8C44819721BA9001B52F9 /* PBXTargetDependency */,
			);
			name = reddit_readerTests;
			productName = reddit_readerTests;
			productReference = D9D8C44219721BA9001B52F9 /* reddit_readerTests.xctest */;
			productType = "com.apple.product-type.bundle.unit-test";
		};
/* End PBXNativeTarget section */

/* Begin PBXProject section */
		D9D8C41619721BA9001B52F9 /* Project object */ = {
			isa = PBXProject;
			attributes = {
				CLASSPREFIX = DL;
				LastUpgradeCheck = 0510;
				ORGANIZATIONNAME = "Austin Brewer";
				TargetAttributes = {
					D9D8C44119721BA9001B52F9 = {
						TestTargetID = D9D8C41D19721BA9001B52F9;
					};
				};
			};
			buildConfigurationList = D9D8C41919721BA9001B52F9 /* Build configuration list for PBXProject "reddit_reader" */;
			compatibilityVersion = "Xcode 3.2";
			developmentRegion = English;
			hasScannedForEncodings = 0;
			knownRegions = (
				en,
				Base,
			);
			mainGroup = D9D8C41519721BA9001B52F9;
			productRefGroup = D9D8C41F19721BA9001B52F9 /* Products */;
			projectDirPath = "";
			projectRoot = "";
			targets = (
				D9D8C41D19721BA9001B52F9 /* reddit_reader */,
				D9D8C44119721BA9001B52F9 /* reddit_readerTests */,
			);
		};
/* End PBXProject section */

/* Begin PBXResourcesBuildPhase section */
		D9D8C41C19721BA9001B52F9 /* Resources */ = {
			isa = PBXResourcesBuildPhase;
			buildActionMask = 2147483647;
			files = (
				0036E74419783FAA00A84E82 /* Untitled-1.png in Resources */,
				D9D8C43D19721BA9001B52F9 /* Images.xcassets in Resources */,
				D9D8C42C19721BA9001B52F9 /* InfoPlist.strings in Resources */,
				D9D8C43519721BA9001B52F9 /* Main.storyboard in Resources */,
			);
			runOnlyForDeploymentPostprocessing = 0;
		};
		D9D8C44019721BA9001B52F9 /* Resources */ = {
			isa = PBXResourcesBuildPhase;
			buildActionMask = 2147483647;
			files = (
				D9D8C44E19721BA9001B52F9 /* InfoPlist.strings in Resources */,
			);
			runOnlyForDeploymentPostprocessing = 0;
		};
/* End PBXResourcesBuildPhase section */

/* Begin PBXSourcesBuildPhase section */
		D9D8C41A19721BA9001B52F9 /* Sources */ = {
			isa = PBXSourcesBuildPhase;
			buildActionMask = 2147483647;
			files = (
				D93577EB1972F48E001CB66E /* DLSubredditContainer.m in Sources */,
				D9D8C43219721BA9001B52F9 /* DLAppDelegate.m in Sources */,
				D9352032197335480031C8BE /* DLSearchViewController.m in Sources */,
				0036E7471978499200A84E82 /* DLUserContainer.m in Sources */,
				D9D8C43B19721BA9001B52F9 /* DLDetailViewController.m in Sources */,
				D9D8C43819721BA9001B52F9 /* DLMasterViewController.m in Sources */,
				D9D8C42E19721BA9001B52F9 /* main.m in Sources */,
			);
			runOnlyForDeploymentPostprocessing = 0;
		};
		D9D8C43E19721BA9001B52F9 /* Sources */ = {
			isa = PBXSourcesBuildPhase;
			buildActionMask = 2147483647;
			files = (
				D9D8C45019721BA9001B52F9 /* reddit_readerTests.m in Sources */,
			);
			runOnlyForDeploymentPostprocessing = 0;
		};
/* End PBXSourcesBuildPhase section */

/* Begin PBXTargetDependency section */
		D9D8C44819721BA9001B52F9 /* PBXTargetDependency */ = {
			isa = PBXTargetDependency;
			target = D9D8C41D19721BA9001B52F9 /* reddit_reader */;
			targetProxy = D9D8C44719721BA9001B52F9 /* PBXContainerItemProxy */;
		};
/* End PBXTargetDependency section */

/* Begin PBXVariantGroup section */
		D9D8C42A19721BA9001B52F9 /* InfoPlist.strings */ = {
			isa = PBXVariantGroup;
			children = (
				D9D8C42B19721BA9001B52F9 /* en */,
			);
			name = InfoPlist.strings;
			sourceTree = "<group>";
		};
		D9D8C43319721BA9001B52F9 /* Main.storyboard */ = {
			isa = PBXVariantGroup;
			children = (
				D9D8C43419721BA9001B52F9 /* Base */,
			);
			name = Main.storyboard;
			sourceTree = "<group>";
		};
		D9D8C44C19721BA9001B52F9 /* InfoPlist.strings */ = {
			isa = PBXVariantGroup;
			children = (
				D9D8C44D19721BA9001B52F9 /* en */,
			);
			name = InfoPlist.strings;
			sourceTree = "<group>";
		};
/* End PBXVariantGroup section */

/* Begin XCBuildConfiguration section */
		D9D8C45119721BA9001B52F9 /* Debug */ = {
			isa = XCBuildConfiguration;
			buildSettings = {
				ALWAYS_SEARCH_USER_PATHS = NO;
				CLANG_CXX_LANGUAGE_STANDARD = "gnu++0x";
				CLANG_CXX_LIBRARY = "libc++";
				CLANG_ENABLE_MODULES = YES;
				CLANG_ENABLE_OBJC_ARC = YES;
				CLANG_WARN_BOOL_CONVERSION = YES;
				CLANG_WARN_CONSTANT_CONVERSION = YES;
				CLANG_WARN_DIRECT_OBJC_ISA_USAGE = YES_ERROR;
				CLANG_WARN_EMPTY_BODY = YES;
				CLANG_WARN_ENUM_CONVERSION = YES;
				CLANG_WARN_INT_CONVERSION = YES;
				CLANG_WARN_OBJC_ROOT_CLASS = YES_ERROR;
				CLANG_WARN__DUPLICATE_METHOD_MATCH = YES;
				"CODE_SIGN_IDENTITY[sdk=iphoneos*]" = "iPhone Developer";
				COPY_PHASE_STRIP = NO;
				GCC_C_LANGUAGE_STANDARD = gnu99;
				GCC_DYNAMIC_NO_PIC = NO;
				GCC_OPTIMIZATION_LEVEL = 0;
				GCC_PREPROCESSOR_DEFINITIONS = (
					"DEBUG=1",
					"$(inherited)",
				);
				GCC_SYMBOLS_PRIVATE_EXTERN = NO;
				GCC_WARN_64_TO_32_BIT_CONVERSION = YES;
				GCC_WARN_ABOUT_RETURN_TYPE = YES_ERROR;
				GCC_WARN_UNDECLARED_SELECTOR = YES;
				GCC_WARN_UNINITIALIZED_AUTOS = YES_AGGRESSIVE;
				GCC_WARN_UNUSED_FUNCTION = YES;
				GCC_WARN_UNUSED_VARIABLE = YES;
				IPHONEOS_DEPLOYMENT_TARGET = 7.1;
				ONLY_ACTIVE_ARCH = YES;
				SDKROOT = iphoneos;
			};
			name = Debug;
		};
		D9D8C45219721BA9001B52F9 /* Release */ = {
			isa = XCBuildConfiguration;
			buildSettings = {
				ALWAYS_SEARCH_USER_PATHS = NO;
				CLANG_CXX_LANGUAGE_STANDARD = "gnu++0x";
				CLANG_CXX_LIBRARY = "libc++";
				CLANG_ENABLE_MODULES = YES;
				CLANG_ENABLE_OBJC_ARC = YES;
				CLANG_WARN_BOOL_CONVERSION = YES;
				CLANG_WARN_CONSTANT_CONVERSION = YES;
				CLANG_WARN_DIRECT_OBJC_ISA_USAGE = YES_ERROR;
				CLANG_WARN_EMPTY_BODY = YES;
				CLANG_WARN_ENUM_CONVERSION = YES;
				CLANG_WARN_INT_CONVERSION = YES;
				CLANG_WARN_OBJC_ROOT_CLASS = YES_ERROR;
				CLANG_WARN__DUPLICATE_METHOD_MATCH = YES;
				"CODE_SIGN_IDENTITY[sdk=iphoneos*]" = "iPhone Developer";
				COPY_PHASE_STRIP = YES;
				ENABLE_NS_ASSERTIONS = NO;
				GCC_C_LANGUAGE_STANDARD = gnu99;
				GCC_WARN_64_TO_32_BIT_CONVERSION = YES;
				GCC_WARN_ABOUT_RETURN_TYPE = YES_ERROR;
				GCC_WARN_UNDECLARED_SELECTOR = YES;
				GCC_WARN_UNINITIALIZED_AUTOS = YES_AGGRESSIVE;
				GCC_WARN_UNUSED_FUNCTION = YES;
				GCC_WARN_UNUSED_VARIABLE = YES;
				IPHONEOS_DEPLOYMENT_TARGET = 7.1;
				SDKROOT = iphoneos;
				VALIDATE_PRODUCT = YES;
			};
			name = Release;
		};
		D9D8C45419721BA9001B52F9 /* Debug */ = {
			isa = XCBuildConfiguration;
			buildSettings = {
				ASSETCATALOG_COMPILER_APPICON_NAME = AppIcon;
				ASSETCATALOG_COMPILER_LAUNCHIMAGE_NAME = LaunchImage;
				GCC_PRECOMPILE_PREFIX_HEADER = YES;
				GCC_PREFIX_HEADER = "reddit_reader/reddit_reader-Prefix.pch";
				INFOPLIST_FILE = "reddit_reader/reddit_reader-Info.plist";
				PRODUCT_NAME = "$(TARGET_NAME)";
				WRAPPER_EXTENSION = app;
			};
			name = Debug;
		};
		D9D8C45519721BA9001B52F9 /* Release */ = {
			isa = XCBuildConfiguration;
			buildSettings = {
				ASSETCATALOG_COMPILER_APPICON_NAME = AppIcon;
				ASSETCATALOG_COMPILER_LAUNCHIMAGE_NAME = LaunchImage;
				GCC_PRECOMPILE_PREFIX_HEADER = YES;
				GCC_PREFIX_HEADER = "reddit_reader/reddit_reader-Prefix.pch";
				INFOPLIST_FILE = "reddit_reader/reddit_reader-Info.plist";
				PRODUCT_NAME = "$(TARGET_NAME)";
				WRAPPER_EXTENSION = app;
			};
			name = Release;
		};
		D9D8C45719721BA9001B52F9 /* Debug */ = {
			isa = XCBuildConfiguration;
			buildSettings = {
				BUNDLE_LOADER = "$(BUILT_PRODUCTS_DIR)/reddit_reader.app/reddit_reader";
				FRAMEWORK_SEARCH_PATHS = (
					"$(SDKROOT)/Developer/Library/Frameworks",
					"$(inherited)",
					"$(DEVELOPER_FRAMEWORKS_DIR)",
				);
				GCC_PRECOMPILE_PREFIX_HEADER = YES;
				GCC_PREFIX_HEADER = "reddit_reader/reddit_reader-Prefix.pch";
				GCC_PREPROCESSOR_DEFINITIONS = (
					"DEBUG=1",
					"$(inherited)",
				);
				INFOPLIST_FILE = "reddit_readerTests/reddit_readerTests-Info.plist";
				PRODUCT_NAME = "$(TARGET_NAME)";
				TEST_HOST = "$(BUNDLE_LOADER)";
				WRAPPER_EXTENSION = xctest;
			};
			name = Debug;
		};
		D9D8C45819721BA9001B52F9 /* Release */ = {
			isa = XCBuildConfiguration;
			buildSettings = {
				BUNDLE_LOADER = "$(BUILT_PRODUCTS_DIR)/reddit_reader.app/reddit_reader";
				FRAMEWORK_SEARCH_PATHS = (
					"$(SDKROOT)/Developer/Library/Frameworks",
					"$(inherited)",
					"$(DEVELOPER_FRAMEWORKS_DIR)",
				);
				GCC_PRECOMPILE_PREFIX_HEADER = YES;
				GCC_PREFIX_HEADER = "reddit_reader/reddit_reader-Prefix.pch";
				INFOPLIST_FILE = "reddit_readerTests/reddit_readerTests-Info.plist";
				PRODUCT_NAME = "$(TARGET_NAME)";
				TEST_HOST = "$(BUNDLE_LOADER)";
				WRAPPER_EXTENSION = xctest;
			};
			name = Release;
		};
/* End XCBuildConfiguration section */

/* Begin XCConfigurationList section */
		D9D8C41919721BA9001B52F9 /* Build configuration list for PBXProject "reddit_reader" */ = {
			isa = XCConfigurationList;
			buildConfigurations = (
				D9D8C45119721BA9001B52F9 /* Debug */,
				D9D8C45219721BA9001B52F9 /* Release */,
			);
			defaultConfigurationIsVisible = 0;
			defaultConfigurationName = Release;
		};
		D9D8C45319721BA9001B52F9 /* Build configuration list for PBXNativeTarget "reddit_reader" */ = {
			isa = XCConfigurationList;
			buildConfigurations = (
				D9D8C45419721BA9001B52F9 /* Debug */,
				D9D8C45519721BA9001B52F9 /* Release */,
			);
			defaultConfigurationIsVisible = 0;
			defaultConfigurationName = Release;
		};
		D9D8C45619721BA9001B52F9 /* Build configuration list for PBXNativeTarget "reddit_readerTests" */ = {
			isa = XCConfigurationList;
			buildConfigurations = (
				D9D8C45719721BA9001B52F9 /* Debug */,
				D9D8C45819721BA9001B52F9 /* Release */,
			);
			defaultConfigurationIsVisible = 0;
			defaultConfigurationName = Release;
		};
/* End XCConfigurationList section */
	};
	rootObject = D9D8C41619721BA9001B52F9 /* Project object */;
}
